symfony c00ba4dab839c749a8b01bd335455319b77a8288
twig 396435ecd05556adb0a8bd05b14641cb4f8a8aa5
monolog 433b98d4218c181bae01865901aac045585e8a1a
doctrine-common e4a48faef35752ba3cd1d261316313e9c09e0c81
doctrine-dbal 5084e6bf5ded98b01feb847935d40e5e260b5025
doctrine ef4d8410f6137d61a31655f6168b17ec76dff27a
swiftmailer 8c3165691e36302405926abbae7526549db8b899
assetic f829ad23d23c87480151a21faad49fefe7c09e5d
twig-extensions eba4f5d572bec05c72a47bbd73ba0a3330cf8f54
metadata 8717ad2a5689480765d9ffafe925cd8a2457e582
SensioFrameworkExtraBundle 9b9194a47effc66b08d44ae110b982352119ca17
JMSSecurityExtraBundle b8b7eb294ed83d83ca7260ac018e701f08003538
SensioDistributionBundle 2082cb99d408fd89243059c6eff866347ec00bbe
SensioGeneratorBundle 88ecf05691825c81b6a19ca6e2dc1849f1a5dcd4
AsseticBundle 41b5913b5086a0909af92adcb4a6005ee0051b16
doctrine-mongodb 8ecdda68fb0a8ea2eb8cd32aa0ce433c5638cb4e
doctrine-mongodb-odm 43e215635ca4ec8686b430c0af67b6dd37875635
DoctrineMongoDBBundle 506fe668fa2aee2fcd1a0ec040b1db387a9c4bd1
doctrine-migrations 440cfb976420314b7789cf367bad63600bdc2c10
DoctrineMigrationsBundle dd9a336c574301b0b6a7e82a0865cab3d4d95503
doctrine-fixtures 9afc4cf293691534f869fc1c74f7198088fc0471
DoctrineFixturesBundle a66be2f077f3a4e5c3801b356b42b8782f1abbd6
Imagine 05fc0f5222b116daf653d70285c1d077db2e22e2
AvalancheImagineBundle 1b7d587ba84a0d3505493acc9608a47aa203632f
knp-menu ef1f54734e490f0e02b43e0158fc4b1dbbccee27
KnpMenuBundle ad44889edc68fce494a84f74156e9a8ba2fedf7c
gedmo-doctrine-extensions 26299d6dd0a56199cb0271a8ea914675e98e12cc
DoctrineExtensionsBundle ef47aa2d130d912acc6f3ec4afa34b733f2a9583
FOSUserBundle 6cdd9c292afa219ef799893061eaae1fc400ae33
pagerfanta 62bc2c0a90480c8b4f0eb4d634e6fce0338282aa
WhiteOctoberPagerfantaBundle cad15aec34031e5e7c118c2974106dad5f7b2d68
behat 11fe7dbf454d5d0bc714951aa8a1c429447a31c1
mink d0c2d91e462562f526721508c4f91ed0c47115ca
gherkin ebf711c78542c83a98c65d1ab0ce8002afd616e5
BehatBundle 628eb52b0f213f00cb8251fa636e899d6ddf1751
MinkBundle 4edaf6de1bbfb2ce508069e3d4ee40c118859686