JMSSecurityExtraBundle 4eba5baf7bfd76eac649d39c64ee2dbb2c260cf9
SensioDistributionBundle 2082cb99d408fd89243059c6eff866347ec00bbe
SensioGeneratorBundle 88ecf05691825c81b6a19ca6e2dc1849f1a5dcd4
AsseticBundle 9c1b7269a4517d1ae94af2dc0d6d6fc4b31e6c10
doctrine-mongodb 8ecdda68fb0a8ea2eb8cd32aa0ce433c5638cb4e
doctrine-mongodb-odm e8d5d1eb39c2f472fc7af3d98ba02db4da8f3f62
DoctrineMongoDBBundle 7c5f880fa4aab4005b439c08caf411a27fb7165c
doctrine-migrations f87afe9223dbfecaaddb5927eae61392b11b58cd
DoctrineMigrationsBundle dd9a336c574301b0b6a7e82a0865cab3d4d95503
doctrine-fixtures 4a8464ef83093de2378cef2770e13da7e4858ffc
DoctrineFixturesBundle 275e33be3ed4aa76afc21ff0aa5517b0e4795ba1
Imagine cba67ff50904e5dab01f50aabb1dda892026ff26
AvalancheImagineBundle 1b7d587ba84a0d3505493acc9608a47aa203632f
knp-menu 1f6778406b8292baea2ecfe2065620196567a73a
KnpMenuBundle 8e87eeb419aa9cc1504443072d7ab74ac7129960
gedmo-doctrine-extensions 0c34136bc145067e537ec18e744912169d4035a5
DoctrineExtensionsBundle a82ae9a667dc95aa64865512566aeac9cbe515c1
FOSUserBundle 2e186c5adc793b0533bb30e16c5015f5b193ebde
FOSRestBundle 109848bb4d50ae16dcc410ac245c4abf8acf9e6b
pagerfanta 320c794ba4862321ca360d3acc430a06b2d0e788
WhiteOctoberPagerfantaBundle 3c660273cbd609baae92e2c9d8b39cbbaa0dd3eb
SonatajQueryBundle cb7039bd694711e17b4db675434eb4ab8bc65d95
SonataBluePrintBundle 3afb460b93d5e5933ff95b723d239b9864dc5e84
SonataUserBundle 802c72ee9b240046a2ab8ed70dd9c30c11a6fb66
SonataAdminBundle 5acaccc31da59f9ccf91c72308388bc40bc9a1e8
behat bdd908ecca90b56a58b6e617416cb70577377ecb
mink d0c2d91e462562f526721508c4f91ed0c47115ca
gherkin ebf711c78542c83a98c65d1ab0ce8002afd616e5
BehatBundle 628eb52b0f213f00cb8251fa636e899d6ddf1751
MinkBundle 4edaf6de1bbfb2ce508069e3d4ee40c118859686